<?xml version="1.0" encoding="utf-8"?>
<Project ToolsVersion="4.0" xmlns="http://schemas.microsoft.com/developer/msbuild/2003">
  <ItemGroup>
    <ClCompile Include="Main.cpp" />
    <ClCompile Include="Logger.cpp">
      <Filter>Logger</Filter>
    </ClCompile>
    <ClCompile Include="Constants.cpp">
      <Filter>Constants</Filter>
    </ClCompile>
    <ClCompile Include="Config.cpp">
      <Filter>Config</Filter>
    </ClCompile>
    <ClCompile Include="WindowedMode.cpp">
      <Filter>Fixes\WindowedMode</Filter>
    </ClCompile>
    <ClCompile Include="CpuLimiter.cpp">
      <Filter>Fixes\CpuLimiter</Filter>
    </ClCompile>
  </ItemGroup>
  <ItemGroup>
    <ClInclude Include="Logger.h">
      <Filter>Logger</Filter>
    </ClInclude>
    <ClInclude Include="Constants.h">
      <Filter>Constants</Filter>
    </ClInclude>
    <ClInclude Include="Config.h">
      <Filter>Config</Filter>
    </ClInclude>
    <ClInclude Include="WindowedMode.h">
      <Filter>Fixes\WindowedMode</Filter>
    </ClInclude>
    <ClInclude Include="CpuLimiter.h">
      <Filter>Fixes\CpuLimiter</Filter>
    </ClInclude>
  </ItemGroup>
  <ItemGroup>
    <Filter Include="Logger">
      <UniqueIdentifier>{6462b412-d4d9-4252-9bf6-5eaddbfeb529}</UniqueIdentifier>
    </Filter>
    <Filter Include="Constants">
      <UniqueIdentifier>{e02291d6-02fc-4fd1-8de2-246da5aa78c4}</UniqueIdentifier>
    </Filter>
    <Filter Include="Config">
      <UniqueIdentifier>{0aba118a-0062-4270-8f2f-2fe1779a856f}</UniqueIdentifier>
    </Filter>
    <Filter Include="Fixes">
      <UniqueIdentifier>{d47fb90b-1d0e-409b-923a-98dbb6e4aea8}</UniqueIdentifier>
    </Filter>
    <Filter Include="Fixes\WindowedMode">
      <UniqueIdentifier>{d2bbda3f-6396-4324-b573-fef7cd9e215c}</UniqueIdentifier>
    </Filter>
    <Filter Include="Fixes\CpuLimiter">
      <UniqueIdentifier>{4aad8f9b-64f1-4f1e-861e-35c5f801c4cd}</UniqueIdentifier>
    </Filter>
  </ItemGroup>
  <ItemGroup>
    <CopyFileToFolders Include="AltairFix.ini" />
  </ItemGroup>
</Project>